
Microsoft Visual Studio Solution File, Format Version 12.00
# Visual Studio 15
VisualStudioVersion = 15.0.28307.572
MinimumVisualStudioVersion = 10.0.40219.1
Project("{888888A0-9F3D-457C-B088-3A5042F75D52}") = "PyParametric3D", "PyParametric3D\PyParametric3D.pyproj", "{3D8DA9C9-008D-4D1D-990C-E7A57860F9C1}"
EndProject
Global
	GlobalSection(SolutionConfigurationPlatforms) = preSolution
		Debug|Any CPU = Debug|Any CPU
		Release|Any CPU = Release|Any CPU
	EndGlobalSection
	GlobalSection(ProjectConfigurationPlatforms) = postSolution
		{3D8DA9C9-008D-4D1D-990C-E7A57860F9C1}.Debug|Any CPU.ActiveCfg = Debug|Any CPU
		{3D8DA9C9-008D-4D1D-990C-E7A57860F9C1}.Release|Any CPU.ActiveCfg = Release|Any CPU
	EndGlobalSection
	GlobalSection(SolutionProperties) = preSolution
		HideSolutionNode = FALSE
	EndGlobalSection
	GlobalSection(ExtensibilityGlobals) = postSolution
		SolutionGuid = {71B20284-CC8D-4A92-8200-A6F56599ED38}
	EndGlobalSection
EndGlobal
