
Microsoft Visual Studio Solution File, Format Version 12.00
# Visual Studio 15
VisualStudioVersion = 15.0.28307.572
MinimumVisualStudioVersion = 10.0.40219.1
Project("{888888A0-9F3D-457C-B088-3A5042F75D52}") = "PyPlotSquare", "PyPlotSquare\PyPlotSquare.pyproj", "{828BCA41-1383-4F4A-9D79-11E32F10A784}"
EndProject
Global
	GlobalSection(SolutionConfigurationPlatforms) = preSolution
		Debug|Any CPU = Debug|Any CPU
		Release|Any CPU = Release|Any CPU
	EndGlobalSection
	GlobalSection(ProjectConfigurationPlatforms) = postSolution
		{828BCA41-1383-4F4A-9D79-11E32F10A784}.Debug|Any CPU.ActiveCfg = Debug|Any CPU
		{828BCA41-1383-4F4A-9D79-11E32F10A784}.Release|Any CPU.ActiveCfg = Release|Any CPU
	EndGlobalSection
	GlobalSection(SolutionProperties) = preSolution
		HideSolutionNode = FALSE
	EndGlobalSection
	GlobalSection(ExtensibilityGlobals) = postSolution
		SolutionGuid = {FD91D3EB-0580-482B-B6CA-0C54843DA507}
	EndGlobalSection
EndGlobal
