
Microsoft Visual Studio Solution File, Format Version 12.00
# Visual Studio 15
VisualStudioVersion = 15.0.27428.2015
MinimumVisualStudioVersion = 10.0.40219.1
Project("{F184B08F-C81C-45F6-A57F-5ABD9991F28F}") = "MyFirstWinApp", "MyFirstWinApp.vbproj", "{B6FDF655-6E9C-4BD3-9F9C-F4749667EC6F}"
EndProject
Global
	GlobalSection(SolutionConfigurationPlatforms) = preSolution
		Debug|Any CPU = Debug|Any CPU
		Release|Any CPU = Release|Any CPU
	EndGlobalSection
	GlobalSection(ProjectConfigurationPlatforms) = postSolution
		{B6FDF655-6E9C-4BD3-9F9C-F4749667EC6F}.Debug|Any CPU.ActiveCfg = Debug|Any CPU
		{B6FDF655-6E9C-4BD3-9F9C-F4749667EC6F}.Debug|Any CPU.Build.0 = Debug|Any CPU
		{B6FDF655-6E9C-4BD3-9F9C-F4749667EC6F}.Release|Any CPU.ActiveCfg = Release|Any CPU
		{B6FDF655-6E9C-4BD3-9F9C-F4749667EC6F}.Release|Any CPU.Build.0 = Release|Any CPU
	EndGlobalSection
	GlobalSection(SolutionProperties) = preSolution
		HideSolutionNode = FALSE
	EndGlobalSection
	GlobalSection(ExtensibilityGlobals) = postSolution
		SolutionGuid = {C8B9AFC0-7B8D-40AC-A944-7F5104A0481D}
	EndGlobalSection
EndGlobal
