
Microsoft Visual Studio Solution File, Format Version 12.00
# Visual Studio 15
VisualStudioVersion = 15.0.27703.1
MinimumVisualStudioVersion = 10.0.40219.1
Project("{F184B08F-C81C-45F6-A57F-5ABD9991F28F}") = "ETF", "ETF\ETF.vbproj", "{B0CCB0F9-9598-4D61-9DF8-DEB8952761D6}"
EndProject
Global
	GlobalSection(SolutionConfigurationPlatforms) = preSolution
		Debug|Any CPU = Debug|Any CPU
		Release|Any CPU = Release|Any CPU
	EndGlobalSection
	GlobalSection(ProjectConfigurationPlatforms) = postSolution
		{B0CCB0F9-9598-4D61-9DF8-DEB8952761D6}.Debug|Any CPU.ActiveCfg = Debug|Any CPU
		{B0CCB0F9-9598-4D61-9DF8-DEB8952761D6}.Debug|Any CPU.Build.0 = Debug|Any CPU
		{B0CCB0F9-9598-4D61-9DF8-DEB8952761D6}.Release|Any CPU.ActiveCfg = Release|Any CPU
		{B0CCB0F9-9598-4D61-9DF8-DEB8952761D6}.Release|Any CPU.Build.0 = Release|Any CPU
	EndGlobalSection
	GlobalSection(SolutionProperties) = preSolution
		HideSolutionNode = FALSE
	EndGlobalSection
	GlobalSection(ExtensibilityGlobals) = postSolution
		SolutionGuid = {E3B39380-E88E-4F18-8E8A-17442178FEA1}
	EndGlobalSection
EndGlobal
