
Microsoft Visual Studio Solution File, Format Version 12.00
# Visual Studio Version 16
VisualStudioVersion = 16.0.29728.190
MinimumVisualStudioVersion = 10.0.40219.1
Project("{888888A0-9F3D-457C-B088-3A5042F75D52}") = "PySubplot", "PySubplot\PySubplot.pyproj", "{02839864-282C-4FB1-9EBB-F705F256B645}"
EndProject
Global
	GlobalSection(SolutionConfigurationPlatforms) = preSolution
		Debug|Any CPU = Debug|Any CPU
		Release|Any CPU = Release|Any CPU
	EndGlobalSection
	GlobalSection(ProjectConfigurationPlatforms) = postSolution
		{02839864-282C-4FB1-9EBB-F705F256B645}.Debug|Any CPU.ActiveCfg = Debug|Any CPU
		{02839864-282C-4FB1-9EBB-F705F256B645}.Release|Any CPU.ActiveCfg = Release|Any CPU
	EndGlobalSection
	GlobalSection(SolutionProperties) = preSolution
		HideSolutionNode = FALSE
	EndGlobalSection
	GlobalSection(ExtensibilityGlobals) = postSolution
		SolutionGuid = {C8D43A0E-AB84-490F-B894-B7F42F1BAF02}
	EndGlobalSection
EndGlobal
