
Microsoft Visual Studio Solution File, Format Version 12.00
# Visual Studio 15
VisualStudioVersion = 15.0.28307.572
MinimumVisualStudioVersion = 10.0.40219.1
Project("{888888A0-9F3D-457C-B088-3A5042F75D52}") = "PyPolarMultiSinus", "PyPolarMultiSinus\PyPolarMultiSinus.pyproj", "{6E5EA0E9-D632-4C6A-A2C2-587E4510C0E4}"
EndProject
Global
	GlobalSection(SolutionConfigurationPlatforms) = preSolution
		Debug|Any CPU = Debug|Any CPU
		Release|Any CPU = Release|Any CPU
	EndGlobalSection
	GlobalSection(ProjectConfigurationPlatforms) = postSolution
		{6E5EA0E9-D632-4C6A-A2C2-587E4510C0E4}.Debug|Any CPU.ActiveCfg = Debug|Any CPU
		{6E5EA0E9-D632-4C6A-A2C2-587E4510C0E4}.Release|Any CPU.ActiveCfg = Release|Any CPU
	EndGlobalSection
	GlobalSection(SolutionProperties) = preSolution
		HideSolutionNode = FALSE
	EndGlobalSection
	GlobalSection(ExtensibilityGlobals) = postSolution
		SolutionGuid = {ECCACABC-64DD-4F3C-BCDD-918A225DD976}
	EndGlobalSection
EndGlobal
